
Microsoft Visual Studio Solution File, Format Version 12.00
# Visual Studio 15
VisualStudioVersion = 15.0.27703.2000
MinimumVisualStudioVersion = 10.0.40219.1
Project("{FAE04EC0-301F-11D3-BF4B-00C04F79EFBC}") = "HW_Module_11_Cat", "HW_Module_11_Cat\HW_Module_11_Cat.csproj", "{92EE8801-792A-4BE6-A4D8-4B83D071729D}"
EndProject
Project("{FAE04EC0-301F-11D3-BF4B-00C04F79EFBC}") = "Properties", "Properties\Properties.csproj", "{3319A0D4-1C0A-486E-BBDB-2440E794C090}"
EndProject
Global
	GlobalSection(SolutionConfigurationPlatforms) = preSolution
		Debug|Any CPU = Debug|Any CPU
		Release|Any CPU = Release|Any CPU
	EndGlobalSection
	GlobalSection(ProjectConfigurationPlatforms) = postSolution
		{92EE8801-792A-4BE6-A4D8-4B83D071729D}.Debug|Any CPU.ActiveCfg = Debug|Any CPU
		{92EE8801-792A-4BE6-A4D8-4B83D071729D}.Debug|Any CPU.Build.0 = Debug|Any CPU
		{92EE8801-792A-4BE6-A4D8-4B83D071729D}.Release|Any CPU.ActiveCfg = Release|Any CPU
		{92EE8801-792A-4BE6-A4D8-4B83D071729D}.Release|Any CPU.Build.0 = Release|Any CPU
		{3319A0D4-1C0A-486E-BBDB-2440E794C090}.Debug|Any CPU.ActiveCfg = Debug|Any CPU
		{3319A0D4-1C0A-486E-BBDB-2440E794C090}.Debug|Any CPU.Build.0 = Debug|Any CPU
		{3319A0D4-1C0A-486E-BBDB-2440E794C090}.Release|Any CPU.ActiveCfg = Release|Any CPU
		{3319A0D4-1C0A-486E-BBDB-2440E794C090}.Release|Any CPU.Build.0 = Release|Any CPU
	EndGlobalSection
	GlobalSection(SolutionProperties) = preSolution
		HideSolutionNode = FALSE
	EndGlobalSection
	GlobalSection(ExtensibilityGlobals) = postSolution
		SolutionGuid = {033E0A13-CAC4-4C74-965F-D37D7F42C561}
	EndGlobalSection
EndGlobal
